{
    "_readme": [
        "This file locks the dependencies of your project to a known state",
        "Read more about it at https://getcomposer.org/doc/01-basic-usage.md#installing-dependencies",
        "This file is @generated automatically"
    ],
    "content-hash": "08423ec8fc6df183e8af8060bc171ab9",
    "packages": [
        {
            "name": "transbank/transbank-sdk",
            "version": "1.0.1",
            "source": {
                "type": "git",
                "url": "https://github.com/TransbankDevelopers/transbank-sdk-php.git",
                "reference": "4df85789e94d870664888287f0b7320b777bf4b6"
            },
            "dist": {
                "type": "zip",
                "url": "https://api.github.com/repos/TransbankDevelopers/transbank-sdk-php/zipball/4df85789e94d870664888287f0b7320b777bf4b6",
                "reference": "4df85789e94d870664888287f0b7320b777bf4b6",
                "shasum": ""
            },
            "require": {
                "ext-curl": "*",
                "ext-json": "*",
                "ext-mbstring": "*",
                "php": ">=5.4.0"
            },
            "require-dev": {
                "phpunit/phpunit": "~4.0",
                "satooshi/php-coveralls": "~0.6.1",
                "squizlabs/php_codesniffer": "~2.0"
            },
            "type": "library",
            "autoload": {
                "psr-4": {
                    "Transbank\\Onepay\\": [
                        "lib/",
                        "lib/utils"
                    ],
                    "Transbank\\Onepay\\Exceptions\\": [
                        "lib/exceptions"
                    ]
                }
            },
            "notification-url": "https://packagist.org/downloads/",
            "license": [
                "BSD-3-Clause"
            ],
            "description": "Transbank SDK",
            "keywords": [
                "api",
                "payments",
                "sdk",
                "transbank"
            ],
            "time": "2018-08-01T16:46:44+00:00"
        }
    ],
    "packages-dev": [],
    "aliases": [],
    "minimum-stability": "stable",
    "stability-flags": [],
    "prefer-stable": false,
    "prefer-lowest": false,
    "platform": [],
    "platform-dev": []
}
